// !$*UTF8*$!
{
	archiveVersion = 1;
	classes = {
	};
	objectVersion = 46;
	objects = {

/* Begin PBXBuildFile section */
		1B0C469A1C86D80B00D49E01 /* AutolayoutView2.m in Sources */ = {isa = PBXBuildFile; fileRef = 1B0C46991C86D80B00D49E01 /* AutolayoutView2.m */; };
		1B0C469D1C86E02B00D49E01 /* IntrinsicView.m in Sources */ = {isa = PBXBuildFile; fileRef = 1B0C469C1C86E02B00D49E01 /* IntrinsicView.m */; };
		1B0C46A01C86FE7700D49E01 /* AutolayoutTableViewController.m in Sources */ = {isa = PBXBuildFile; fileRef = 1B0C469F1C86FE7700D49E01 /* AutolayoutTableViewController.m */; };
		1B0C46A31C86FEC600D49E01 /* AutoLayoutTableView.m in Sources */ = {isa = PBXBuildFile; fileRef = 1B0C46A21C86FEC600D49E01 /* AutoLayoutTableView.m */; };
		1B0C46A61C87011000D49E01 /* AutoLAyoutTableViewCell.m in Sources */ = {isa = PBXBuildFile; fileRef = 1B0C46A51C87011000D49E01 /* AutoLAyoutTableViewCell.m */; };
		1B624AF21C82F85800F44DF7 /* main.m in Sources */ = {isa = PBXBuildFile; fileRef = 1B624AF11C82F85800F44DF7 /* main.m */; };
		1B624AF51C82F85800F44DF7 /* AppDelegate.m in Sources */ = {isa = PBXBuildFile; fileRef = 1B624AF41C82F85800F44DF7 /* AppDelegate.m */; };
		1B624AF81C82F85800F44DF7 /* MainViewController.m in Sources */ = {isa = PBXBuildFile; fileRef = 1B624AF71C82F85800F44DF7 /* MainViewController.m */; };
		1B624AFD1C82F85800F44DF7 /* Assets.xcassets in Resources */ = {isa = PBXBuildFile; fileRef = 1B624AFC1C82F85800F44DF7 /* Assets.xcassets */; };
		1B624B001C82F85800F44DF7 /* LaunchScreen.storyboard in Resources */ = {isa = PBXBuildFile; fileRef = 1B624AFE1C82F85800F44DF7 /* LaunchScreen.storyboard */; };
		1B624B0F1C82FA5B00F44DF7 /* MainView.m in Sources */ = {isa = PBXBuildFile; fileRef = 1B624B0E1C82FA5B00F44DF7 /* MainView.m */; };
		1B624B121C83007D00F44DF7 /* SliderViewController.m in Sources */ = {isa = PBXBuildFile; fileRef = 1B624B111C83007D00F44DF7 /* SliderViewController.m */; };
		1B624B151C8300AA00F44DF7 /* AutolayoutViewController.m in Sources */ = {isa = PBXBuildFile; fileRef = 1B624B141C8300AA00F44DF7 /* AutolayoutViewController.m */; };
		1B624B181C83057B00F44DF7 /* SliderView.m in Sources */ = {isa = PBXBuildFile; fileRef = 1B624B171C83057B00F44DF7 /* SliderView.m */; };
		1B624B1B1C83059100F44DF7 /* DoubleSliderView.m in Sources */ = {isa = PBXBuildFile; fileRef = 1B624B1A1C83059100F44DF7 /* DoubleSliderView.m */; };
		1BDE3C401C83954F0034E3C7 /* AutolayoutView.m in Sources */ = {isa = PBXBuildFile; fileRef = 1BDE3C3F1C83954F0034E3C7 /* AutolayoutView.m */; };
/* End PBXBuildFile section */

/* Begin PBXFileReference section */
		1B0C46981C86D80B00D49E01 /* AutolayoutView2.h */ = {isa = PBXFileReference; fileEncoding = 4; lastKnownFileType = sourcecode.c.h; path = AutolayoutView2.h; sourceTree = "<group>"; };
		1B0C46991C86D80B00D49E01 /* AutolayoutView2.m */ = {isa = PBXFileReference; fileEncoding = 4; lastKnownFileType = sourcecode.c.objc; path = AutolayoutView2.m; sourceTree = "<group>"; };
		1B0C469B1C86E02B00D49E01 /* IntrinsicView.h */ = {isa = PBXFileReference; fileEncoding = 4; lastKnownFileType = sourcecode.c.h; path = IntrinsicView.h; sourceTree = "<group>"; };
		1B0C469C1C86E02B00D49E01 /* IntrinsicView.m */ = {isa = PBXFileReference; fileEncoding = 4; lastKnownFileType = sourcecode.c.objc; path = IntrinsicView.m; sourceTree = "<group>"; };
		1B0C469E1C86FE7700D49E01 /* AutolayoutTableViewController.h */ = {isa = PBXFileReference; fileEncoding = 4; lastKnownFileType = sourcecode.c.h; path = AutolayoutTableViewController.h; sourceTree = "<group>"; };
		1B0C469F1C86FE7700D49E01 /* AutolayoutTableViewController.m */ = {isa = PBXFileReference; fileEncoding = 4; lastKnownFileType = sourcecode.c.objc; path = AutolayoutTableViewController.m; sourceTree = "<group>"; };
		1B0C46A11C86FEC600D49E01 /* AutoLayoutTableView.h */ = {isa = PBXFileReference; fileEncoding = 4; lastKnownFileType = sourcecode.c.h; path = AutoLayoutTableView.h; sourceTree = "<group>"; };
		1B0C46A21C86FEC600D49E01 /* AutoLayoutTableView.m */ = {isa = PBXFileReference; fileEncoding = 4; lastKnownFileType = sourcecode.c.objc; path = AutoLayoutTableView.m; sourceTree = "<group>"; };
		1B0C46A41C87011000D49E01 /* AutoLAyoutTableViewCell.h */ = {isa = PBXFileReference; fileEncoding = 4; lastKnownFileType = sourcecode.c.h; path = AutoLAyoutTableViewCell.h; sourceTree = "<group>"; };
		1B0C46A51C87011000D49E01 /* AutoLAyoutTableViewCell.m */ = {isa = PBXFileReference; fileEncoding = 4; lastKnownFileType = sourcecode.c.objc; path = AutoLAyoutTableViewCell.m; sourceTree = "<group>"; };
		1B624AED1C82F85800F44DF7 /* iOSmaster.app */ = {isa = PBXFileReference; explicitFileType = wrapper.application; includeInIndex = 0; path = iOSmaster.app; sourceTree = BUILT_PRODUCTS_DIR; };
		1B624AF11C82F85800F44DF7 /* main.m */ = {isa = PBXFileReference; lastKnownFileType = sourcecode.c.objc; path = main.m; sourceTree = "<group>"; };
		1B624AF31C82F85800F44DF7 /* AppDelegate.h */ = {isa = PBXFileReference; lastKnownFileType = sourcecode.c.h; path = AppDelegate.h; sourceTree = "<group>"; };
		1B624AF41C82F85800F44DF7 /* AppDelegate.m */ = {isa = PBXFileReference; lastKnownFileType = sourcecode.c.objc; path = AppDelegate.m; sourceTree = "<group>"; };
		1B624AF61C82F85800F44DF7 /* MainViewController.h */ = {isa = PBXFileReference; lastKnownFileType = sourcecode.c.h; path = MainViewController.h; sourceTree = "<group>"; };
		1B624AF71C82F85800F44DF7 /* MainViewController.m */ = {isa = PBXFileReference; lastKnownFileType = sourcecode.c.objc; path = MainViewController.m; sourceTree = "<group>"; };
		1B624AFC1C82F85800F44DF7 /* Assets.xcassets */ = {isa = PBXFileReference; lastKnownFileType = folder.assetcatalog; path = Assets.xcassets; sourceTree = "<group>"; };
		1B624AFF1C82F85800F44DF7 /* Base */ = {isa = PBXFileReference; lastKnownFileType = file.storyboard; name = Base; path = Base.lproj/LaunchScreen.storyboard; sourceTree = "<group>"; };
		1B624B011C82F85800F44DF7 /* Info.plist */ = {isa = PBXFileReference; lastKnownFileType = text.plist.xml; path = Info.plist; sourceTree = "<group>"; };
		1B624B0D1C82FA5B00F44DF7 /* MainView.h */ = {isa = PBXFileReference; fileEncoding = 4; lastKnownFileType = sourcecode.c.h; path = MainView.h; sourceTree = "<group>"; };
		1B624B0E1C82FA5B00F44DF7 /* MainView.m */ = {isa = PBXFileReference; fileEncoding = 4; lastKnownFileType = sourcecode.c.objc; path = MainView.m; sourceTree = "<group>"; };
		1B624B101C83007D00F44DF7 /* SliderViewController.h */ = {isa = PBXFileReference; fileEncoding = 4; lastKnownFileType = sourcecode.c.h; path = SliderViewController.h; sourceTree = "<group>"; };
		1B624B111C83007D00F44DF7 /* SliderViewController.m */ = {isa = PBXFileReference; fileEncoding = 4; lastKnownFileType = sourcecode.c.objc; path = SliderViewController.m; sourceTree = "<group>"; };
		1B624B131C8300AA00F44DF7 /* AutolayoutViewController.h */ = {isa = PBXFileReference; fileEncoding = 4; lastKnownFileType = sourcecode.c.h; path = AutolayoutViewController.h; sourceTree = "<group>"; };
		1B624B141C8300AA00F44DF7 /* AutolayoutViewController.m */ = {isa = PBXFileReference; fileEncoding = 4; lastKnownFileType = sourcecode.c.objc; path = AutolayoutViewController.m; sourceTree = "<group>"; };
		1B624B161C83057B00F44DF7 /* SliderView.h */ = {isa = PBXFileReference; fileEncoding = 4; lastKnownFileType = sourcecode.c.h; path = SliderView.h; sourceTree = "<group>"; };
		1B624B171C83057B00F44DF7 /* SliderView.m */ = {isa = PBXFileReference; fileEncoding = 4; lastKnownFileType = sourcecode.c.objc; path = SliderView.m; sourceTree = "<group>"; };
		1B624B191C83059100F44DF7 /* DoubleSliderView.h */ = {isa = PBXFileReference; fileEncoding = 4; lastKnownFileType = sourcecode.c.h; path = DoubleSliderView.h; sourceTree = "<group>"; };
		1B624B1A1C83059100F44DF7 /* DoubleSliderView.m */ = {isa = PBXFileReference; fileEncoding = 4; lastKnownFileType = sourcecode.c.objc; path = DoubleSliderView.m; sourceTree = "<group>"; };
		1BDE3C3E1C83954F0034E3C7 /* AutolayoutView.h */ = {isa = PBXFileReference; fileEncoding = 4; lastKnownFileType = sourcecode.c.h; path = AutolayoutView.h; sourceTree = "<group>"; };
		1BDE3C3F1C83954F0034E3C7 /* AutolayoutView.m */ = {isa = PBXFileReference; fileEncoding = 4; lastKnownFileType = sourcecode.c.objc; path = AutolayoutView.m; sourceTree = "<group>"; };
/* End PBXFileReference section */

/* Begin PBXFrameworksBuildPhase section */
		1B624AEA1C82F85800F44DF7 /* Frameworks */ = {
			isa = PBXFrameworksBuildPhase;
			buildActionMask = 2147483647;
			files = (
			);
			runOnlyForDeploymentPostprocessing = 0;
		};
/* End PBXFrameworksBuildPhase section */

/* Begin PBXGroup section */
		1B624AE41C82F85800F44DF7 = {
			isa = PBXGroup;
			children = (
				1B624AEF1C82F85800F44DF7 /* iOSmaster */,
				1B624AEE1C82F85800F44DF7 /* Products */,
			);
			sourceTree = "<group>";
		};
		1B624AEE1C82F85800F44DF7 /* Products */ = {
			isa = PBXGroup;
			children = (
				1B624AED1C82F85800F44DF7 /* iOSmaster.app */,
			);
			name = Products;
			sourceTree = "<group>";
		};
		1B624AEF1C82F85800F44DF7 /* iOSmaster */ = {
			isa = PBXGroup;
			children = (
				1B624B0C1C82FA1B00F44DF7 /* Model */,
				1B624B0B1C82FA1200F44DF7 /* View */,
				1B624B0A1C82FA0700F44DF7 /* Controller */,
				1B624AF31C82F85800F44DF7 /* AppDelegate.h */,
				1B624AF41C82F85800F44DF7 /* AppDelegate.m */,
				1B624AFC1C82F85800F44DF7 /* Assets.xcassets */,
				1B624AFE1C82F85800F44DF7 /* LaunchScreen.storyboard */,
				1B624B011C82F85800F44DF7 /* Info.plist */,
				1B624AF01C82F85800F44DF7 /* Supporting Files */,
			);
			path = iOSmaster;
			sourceTree = "<group>";
		};
		1B624AF01C82F85800F44DF7 /* Supporting Files */ = {
			isa = PBXGroup;
			children = (
				1B624AF11C82F85800F44DF7 /* main.m */,
			);
			name = "Supporting Files";
			sourceTree = "<group>";
		};
		1B624B0A1C82FA0700F44DF7 /* Controller */ = {
			isa = PBXGroup;
			children = (
				1B624AF61C82F85800F44DF7 /* MainViewController.h */,
				1B624AF71C82F85800F44DF7 /* MainViewController.m */,
				1B624B101C83007D00F44DF7 /* SliderViewController.h */,
				1B624B111C83007D00F44DF7 /* SliderViewController.m */,
				1B624B131C8300AA00F44DF7 /* AutolayoutViewController.h */,
				1B624B141C8300AA00F44DF7 /* AutolayoutViewController.m */,
				1B0C469E1C86FE7700D49E01 /* AutolayoutTableViewController.h */,
				1B0C469F1C86FE7700D49E01 /* AutolayoutTableViewController.m */,
			);
			name = Controller;
			sourceTree = "<group>";
		};
		1B624B0B1C82FA1200F44DF7 /* View */ = {
			isa = PBXGroup;
			children = (
				1B624B0D1C82FA5B00F44DF7 /* MainView.h */,
				1B624B0E1C82FA5B00F44DF7 /* MainView.m */,
				1B624B161C83057B00F44DF7 /* SliderView.h */,
				1B624B171C83057B00F44DF7 /* SliderView.m */,
				1B624B191C83059100F44DF7 /* DoubleSliderView.h */,
				1B624B1A1C83059100F44DF7 /* DoubleSliderView.m */,
				1BDE3C3E1C83954F0034E3C7 /* AutolayoutView.h */,
				1BDE3C3F1C83954F0034E3C7 /* AutolayoutView.m */,
				1B0C46981C86D80B00D49E01 /* AutolayoutView2.h */,
				1B0C46991C86D80B00D49E01 /* AutolayoutView2.m */,
				1B0C469B1C86E02B00D49E01 /* IntrinsicView.h */,
				1B0C469C1C86E02B00D49E01 /* IntrinsicView.m */,
				1B0C46A11C86FEC600D49E01 /* AutoLayoutTableView.h */,
				1B0C46A21C86FEC600D49E01 /* AutoLayoutTableView.m */,
				1B0C46A41C87011000D49E01 /* AutoLAyoutTableViewCell.h */,
				1B0C46A51C87011000D49E01 /* AutoLAyoutTableViewCell.m */,
			);
			name = View;
			sourceTree = "<group>";
		};
		1B624B0C1C82FA1B00F44DF7 /* Model */ = {
			isa = PBXGroup;
			children = (
			);
			name = Model;
			sourceTree = "<group>";
		};
/* End PBXGroup section */

/* Begin PBXNativeTarget section */
		1B624AEC1C82F85800F44DF7 /* iOSmaster */ = {
			isa = PBXNativeTarget;
			buildConfigurationList = 1B624B041C82F85800F44DF7 /* Build configuration list for PBXNativeTarget "iOSmaster" */;
			buildPhases = (
				1B624AE91C82F85800F44DF7 /* Sources */,
				1B624AEA1C82F85800F44DF7 /* Frameworks */,
				1B624AEB1C82F85800F44DF7 /* Resources */,
			);
			buildRules = (
			);
			dependencies = (
			);
			name = iOSmaster;
			productName = iOSmaster;
			productReference = 1B624AED1C82F85800F44DF7 /* iOSmaster.app */;
			productType = "com.apple.product-type.application";
		};
/* End PBXNativeTarget section */

/* Begin PBXProject section */
		1B624AE51C82F85800F44DF7 /* Project object */ = {
			isa = PBXProject;
			attributes = {
				LastUpgradeCheck = 0710;
				ORGANIZATIONNAME = trinerdis;
				TargetAttributes = {
					1B624AEC1C82F85800F44DF7 = {
						CreatedOnToolsVersion = 7.1;
					};
				};
			};
			buildConfigurationList = 1B624AE81C82F85800F44DF7 /* Build configuration list for PBXProject "iOSmaster" */;
			compatibilityVersion = "Xcode 3.2";
			developmentRegion = English;
			hasScannedForEncodings = 0;
			knownRegions = (
				en,
				Base,
			);
			mainGroup = 1B624AE41C82F85800F44DF7;
			productRefGroup = 1B624AEE1C82F85800F44DF7 /* Products */;
			projectDirPath = "";
			projectRoot = "";
			targets = (
				1B624AEC1C82F85800F44DF7 /* iOSmaster */,
			);
		};
/* End PBXProject section */

/* Begin PBXResourcesBuildPhase section */
		1B624AEB1C82F85800F44DF7 /* Resources */ = {
			isa = PBXResourcesBuildPhase;
			buildActionMask = 2147483647;
			files = (
				1B624B001C82F85800F44DF7 /* LaunchScreen.storyboard in Resources */,
				1B624AFD1C82F85800F44DF7 /* Assets.xcassets in Resources */,
			);
			runOnlyForDeploymentPostprocessing = 0;
		};
/* End PBXResourcesBuildPhase section */

/* Begin PBXSourcesBuildPhase section */
		1B624AE91C82F85800F44DF7 /* Sources */ = {
			isa = PBXSourcesBuildPhase;
			buildActionMask = 2147483647;
			files = (
				1B0C46A01C86FE7700D49E01 /* AutolayoutTableViewController.m in Sources */,
				1B0C46A31C86FEC600D49E01 /* AutoLayoutTableView.m in Sources */,
				1B0C469A1C86D80B00D49E01 /* AutolayoutView2.m in Sources */,
				1B0C469D1C86E02B00D49E01 /* IntrinsicView.m in Sources */,
				1B624AF81C82F85800F44DF7 /* MainViewController.m in Sources */,
				1B624B0F1C82FA5B00F44DF7 /* MainView.m in Sources */,
				1B624AF51C82F85800F44DF7 /* AppDelegate.m in Sources */,
				1B624B181C83057B00F44DF7 /* SliderView.m in Sources */,
				1B0C46A61C87011000D49E01 /* AutoLAyoutTableViewCell.m in Sources */,
				1B624B151C8300AA00F44DF7 /* AutolayoutViewController.m in Sources */,
				1BDE3C401C83954F0034E3C7 /* AutolayoutView.m in Sources */,
				1B624B121C83007D00F44DF7 /* SliderViewController.m in Sources */,
				1B624B1B1C83059100F44DF7 /* DoubleSliderView.m in Sources */,
				1B624AF21C82F85800F44DF7 /* main.m in Sources */,
			);
			runOnlyForDeploymentPostprocessing = 0;
		};
/* End PBXSourcesBuildPhase section */

/* Begin PBXVariantGroup section */
		1B624AFE1C82F85800F44DF7 /* LaunchScreen.storyboard */ = {
			isa = PBXVariantGroup;
			children = (
				1B624AFF1C82F85800F44DF7 /* Base */,
			);
			name = LaunchScreen.storyboard;
			sourceTree = "<group>";
		};
/* End PBXVariantGroup section */

/* Begin XCBuildConfiguration section */
		1B624B021C82F85800F44DF7 /* Debug */ = {
			isa = XCBuildConfiguration;
			buildSettings = {
				ALWAYS_SEARCH_USER_PATHS = NO;
				CLANG_CXX_LANGUAGE_STANDARD = "gnu++0x";
				CLANG_CXX_LIBRARY = "libc++";
				CLANG_ENABLE_MODULES = YES;
				CLANG_ENABLE_OBJC_ARC = YES;
				CLANG_WARN_BOOL_CONVERSION = YES;
				CLANG_WARN_CONSTANT_CONVERSION = YES;
				CLANG_WARN_DIRECT_OBJC_ISA_USAGE = YES_ERROR;
				CLANG_WARN_EMPTY_BODY = YES;
				CLANG_WARN_ENUM_CONVERSION = YES;
				CLANG_WARN_INT_CONVERSION = YES;
				CLANG_WARN_OBJC_ROOT_CLASS = YES_ERROR;
				CLANG_WARN_UNREACHABLE_CODE = YES;
				CLANG_WARN__DUPLICATE_METHOD_MATCH = YES;
				"CODE_SIGN_IDENTITY[sdk=iphoneos*]" = "iPhone Developer";
				COPY_PHASE_STRIP = NO;
				DEBUG_INFORMATION_FORMAT = dwarf;
				ENABLE_STRICT_OBJC_MSGSEND = YES;
				ENABLE_TESTABILITY = YES;
				GCC_C_LANGUAGE_STANDARD = gnu99;
				GCC_DYNAMIC_NO_PIC = NO;
				GCC_NO_COMMON_BLOCKS = YES;
				GCC_OPTIMIZATION_LEVEL = 0;
				GCC_PREPROCESSOR_DEFINITIONS = (
					"DEBUG=1",
					"$(inherited)",
				);
				GCC_WARN_64_TO_32_BIT_CONVERSION = YES;
				GCC_WARN_ABOUT_RETURN_TYPE = YES_ERROR;
				GCC_WARN_UNDECLARED_SELECTOR = YES;
				GCC_WARN_UNINITIALIZED_AUTOS = YES_AGGRESSIVE;
				GCC_WARN_UNUSED_FUNCTION = YES;
				GCC_WARN_UNUSED_VARIABLE = YES;
				IPHONEOS_DEPLOYMENT_TARGET = 9.1;
				MTL_ENABLE_DEBUG_INFO = YES;
				ONLY_ACTIVE_ARCH = YES;
				SDKROOT = iphoneos;
			};
			name = Debug;
		};
		1B624B031C82F85800F44DF7 /* Release */ = {
			isa = XCBuildConfiguration;
			buildSettings = {
				ALWAYS_SEARCH_USER_PATHS = NO;
				CLANG_CXX_LANGUAGE_STANDARD = "gnu++0x";
				CLANG_CXX_LIBRARY = "libc++";
				CLANG_ENABLE_MODULES = YES;
				CLANG_ENABLE_OBJC_ARC = YES;
				CLANG_WARN_BOOL_CONVERSION = YES;
				CLANG_WARN_CONSTANT_CONVERSION = YES;
				CLANG_WARN_DIRECT_OBJC_ISA_USAGE = YES_ERROR;
				CLANG_WARN_EMPTY_BODY = YES;
				CLANG_WARN_ENUM_CONVERSION = YES;
				CLANG_WARN_INT_CONVERSION = YES;
				CLANG_WARN_OBJC_ROOT_CLASS = YES_ERROR;
				CLANG_WARN_UNREACHABLE_CODE = YES;
				CLANG_WARN__DUPLICATE_METHOD_MATCH = YES;
				"CODE_SIGN_IDENTITY[sdk=iphoneos*]" = "iPhone Developer";
				COPY_PHASE_STRIP = NO;
				DEBUG_INFORMATION_FORMAT = "dwarf-with-dsym";
				ENABLE_NS_ASSERTIONS = NO;
				ENABLE_STRICT_OBJC_MSGSEND = YES;
				GCC_C_LANGUAGE_STANDARD = gnu99;
				GCC_NO_COMMON_BLOCKS = YES;
				GCC_WARN_64_TO_32_BIT_CONVERSION = YES;
				GCC_WARN_ABOUT_RETURN_TYPE = YES_ERROR;
				GCC_WARN_UNDECLARED_SELECTOR = YES;
				GCC_WARN_UNINITIALIZED_AUTOS = YES_AGGRESSIVE;
				GCC_WARN_UNUSED_FUNCTION = YES;
				GCC_WARN_UNUSED_VARIABLE = YES;
				IPHONEOS_DEPLOYMENT_TARGET = 9.1;
				MTL_ENABLE_DEBUG_INFO = NO;
				SDKROOT = iphoneos;
				VALIDATE_PRODUCT = YES;
			};
			name = Release;
		};
		1B624B051C82F85800F44DF7 /* Debug */ = {
			isa = XCBuildConfiguration;
			buildSettings = {
				ASSETCATALOG_COMPILER_APPICON_NAME = AppIcon;
				INFOPLIST_FILE = iOSmaster/Info.plist;
				LD_RUNPATH_SEARCH_PATHS = "$(inherited) @executable_path/Frameworks";
				PRODUCT_BUNDLE_IDENTIFIER = cz.trinerdis.iOSmaster;
				PRODUCT_NAME = "$(TARGET_NAME)";
			};
			name = Debug;
		};
		1B624B061C82F85800F44DF7 /* Release */ = {
			isa = XCBuildConfiguration;
			buildSettings = {
				ASSETCATALOG_COMPILER_APPICON_NAME = AppIcon;
				INFOPLIST_FILE = iOSmaster/Info.plist;
				LD_RUNPATH_SEARCH_PATHS = "$(inherited) @executable_path/Frameworks";
				PRODUCT_BUNDLE_IDENTIFIER = cz.trinerdis.iOSmaster;
				PRODUCT_NAME = "$(TARGET_NAME)";
			};
			name = Release;
		};
/* End XCBuildConfiguration section */

/* Begin XCConfigurationList section */
		1B624AE81C82F85800F44DF7 /* Build configuration list for PBXProject "iOSmaster" */ = {
			isa = XCConfigurationList;
			buildConfigurations = (
				1B624B021C82F85800F44DF7 /* Debug */,
				1B624B031C82F85800F44DF7 /* Release */,
			);
			defaultConfigurationIsVisible = 0;
			defaultConfigurationName = Release;
		};
		1B624B041C82F85800F44DF7 /* Build configuration list for PBXNativeTarget "iOSmaster" */ = {
			isa = XCConfigurationList;
			buildConfigurations = (
				1B624B051C82F85800F44DF7 /* Debug */,
				1B624B061C82F85800F44DF7 /* Release */,
			);
			defaultConfigurationIsVisible = 0;
			defaultConfigurationName = Release;
		};
/* End XCConfigurationList section */
	};
	rootObject = 1B624AE51C82F85800F44DF7 /* Project object */;
}
